
Microsoft Visual Studio Solution File, Format Version 12.00
# Visual Studio Version 17
VisualStudioVersion = 17.9.34902.65
MinimumVisualStudioVersion = 10.0.40219.1
Project("{FAE04EC0-301F-11D3-BF4B-00C04F79EFBC}") = "BUS_QLSV", "..\BUS_QLDL\BUS_QLSV.csproj", "{F1A9281D-C7C5-4FD3-8B82-589BD298C60B}"
EndProject
Project("{FAE04EC0-301F-11D3-BF4B-00C04F79EFBC}") = "DAL_QLSV", "..\DAL_QLSV\DAL_QLSV.csproj", "{5A4EAF55-EC56-4A14-81B7-DCCE448F440A}"
EndProject
Project("{FAE04EC0-301F-11D3-BF4B-00C04F79EFBC}") = "Model_", "..\Model_\Model_.csproj", "{47BD0048-BA67-45F4-BFD4-DB18E29CB2D3}"
EndProject
Project("{FAE04EC0-301F-11D3-BF4B-00C04F79EFBC}") = "GUI_QLSV", "..\GUI_QLSV\GUI_QLSV.csproj", "{B5745E17-14BF-436C-92BA-D54049012B09}"
EndProject
Global
	GlobalSection(SolutionConfigurationPlatforms) = preSolution
		Debug|Any CPU = Debug|Any CPU
		Release|Any CPU = Release|Any CPU
	EndGlobalSection
	GlobalSection(ProjectConfigurationPlatforms) = postSolution
		{F1A9281D-C7C5-4FD3-8B82-589BD298C60B}.Debug|Any CPU.ActiveCfg = Debug|Any CPU
		{F1A9281D-C7C5-4FD3-8B82-589BD298C60B}.Debug|Any CPU.Build.0 = Debug|Any CPU
		{F1A9281D-C7C5-4FD3-8B82-589BD298C60B}.Release|Any CPU.ActiveCfg = Release|Any CPU
		{F1A9281D-C7C5-4FD3-8B82-589BD298C60B}.Release|Any CPU.Build.0 = Release|Any CPU
		{5A4EAF55-EC56-4A14-81B7-DCCE448F440A}.Debug|Any CPU.ActiveCfg = Debug|Any CPU
		{5A4EAF55-EC56-4A14-81B7-DCCE448F440A}.Debug|Any CPU.Build.0 = Debug|Any CPU
		{5A4EAF55-EC56-4A14-81B7-DCCE448F440A}.Release|Any CPU.ActiveCfg = Release|Any CPU
		{5A4EAF55-EC56-4A14-81B7-DCCE448F440A}.Release|Any CPU.Build.0 = Release|Any CPU
		{47BD0048-BA67-45F4-BFD4-DB18E29CB2D3}.Debug|Any CPU.ActiveCfg = Debug|Any CPU
		{47BD0048-BA67-45F4-BFD4-DB18E29CB2D3}.Debug|Any CPU.Build.0 = Debug|Any CPU
		{47BD0048-BA67-45F4-BFD4-DB18E29CB2D3}.Release|Any CPU.ActiveCfg = Release|Any CPU
		{47BD0048-BA67-45F4-BFD4-DB18E29CB2D3}.Release|Any CPU.Build.0 = Release|Any CPU
		{B5745E17-14BF-436C-92BA-D54049012B09}.Debug|Any CPU.ActiveCfg = Debug|Any CPU
		{B5745E17-14BF-436C-92BA-D54049012B09}.Debug|Any CPU.Build.0 = Debug|Any CPU
		{B5745E17-14BF-436C-92BA-D54049012B09}.Release|Any CPU.ActiveCfg = Release|Any CPU
		{B5745E17-14BF-436C-92BA-D54049012B09}.Release|Any CPU.Build.0 = Release|Any CPU
	EndGlobalSection
	GlobalSection(SolutionProperties) = preSolution
		HideSolutionNode = FALSE
	EndGlobalSection
	GlobalSection(ExtensibilityGlobals) = postSolution
		SolutionGuid = {B4F6CB17-966B-4892-9E62-925C0399ABA4}
	EndGlobalSection
EndGlobal
